
Microsoft Visual Studio Solution File, Format Version 12.00
# Visual Studio 15
VisualStudioVersion = 15.0.27428.2011
MinimumVisualStudioVersion = 10.0.40219.1
Project("{FAE04EC0-301F-11D3-BF4B-00C04F79EFBC}") = "Lab7", "Lab7\Lab7.csproj", "{8E3E886B-B871-4E9C-8E76-2542490223B8}"
EndProject
Global
	GlobalSection(SolutionConfigurationPlatforms) = preSolution
		Debug|Any CPU = Debug|Any CPU
		Release|Any CPU = Release|Any CPU
	EndGlobalSection
	GlobalSection(ProjectConfigurationPlatforms) = postSolution
		{8E3E886B-B871-4E9C-8E76-2542490223B8}.Debug|Any CPU.ActiveCfg = Debug|Any CPU
		{8E3E886B-B871-4E9C-8E76-2542490223B8}.Debug|Any CPU.Build.0 = Debug|Any CPU
		{8E3E886B-B871-4E9C-8E76-2542490223B8}.Release|Any CPU.ActiveCfg = Release|Any CPU
		{8E3E886B-B871-4E9C-8E76-2542490223B8}.Release|Any CPU.Build.0 = Release|Any CPU
	EndGlobalSection
	GlobalSection(SolutionProperties) = preSolution
		HideSolutionNode = FALSE
	EndGlobalSection
	GlobalSection(ExtensibilityGlobals) = postSolution
		SolutionGuid = {8E53329F-BEC9-4906-A67E-25262FFC67AD}
	EndGlobalSection
EndGlobal
